PODS:
  - Alamofire (1.2.3)
  - Alamofire-SwiftyJSON (1.1.0)
  - SDWebImage (3.7.2):
    - SDWebImage/Core (= 3.7.2)
  - SDWebImage/Core (3.7.2)
  - SwiftyJSON (2.2.0)

DEPENDENCIES:
  - Alamofire
  - Alamofire-SwiftyJSON (from `https://github.com/SwiftyJSON/Alamofire-SwiftyJSON.git`)
  - SDWebImage
  - SwiftyJSON (from `https://github.com/SwiftyJSON/SwiftyJSON.git`)

EXTERNAL SOURCES:
  Alamofire-SwiftyJSON:
    :git: https://github.com/SwiftyJSON/Alamofire-SwiftyJSON.git
  SwiftyJSON:
    :git: https://github.com/SwiftyJSON/SwiftyJSON.git

CHECKOUT OPTIONS:
  Alamofire-SwiftyJSON:
    :commit: eda9c507db91ee024c8d4edfb86b77e4e06907ed
    :git: https://github.com/SwiftyJSON/Alamofire-SwiftyJSON.git
  SwiftyJSON:
    :commit: 62b581e14c5a813b1195d43faf61efe035a114c1
    :git: https://github.com/SwiftyJSON/SwiftyJSON.git

SPEC CHECKSUMS:
  Alamofire: 5550bf0b575ed1a4bf9be572f9463e1015cc169e
  Alamofire-SwiftyJSON: 956259d7591d2b52f10e872bc14a4b89ec3743ff
  SDWebImage: 71b7cdc1d1721d6a82ed62889030225f2c249e29
  SwiftyJSON: 0b3e6c07af17ff745e77e8e9984097b55c956e5c

COCOAPODS: 0.37.2
